
Microsoft Visual Studio Solution File, Format Version 9.00
# Visual Studio 2005
Project("{FAE04EC0-301F-11D3-BF4B-00C04F79EFBC}") = "CassConfiguration", "CaVeGen\CassConfiguration.csproj", "{08FE4476-6F5D-44A8-A1B2-54741FAD2B05}"
EndProject
Project("{FAE04EC0-301F-11D3-BF4B-00C04F79EFBC}") = "text3", "修改工具\text3\text3.csproj", "{F148E05C-A427-4185-918C-62B25B881CB0}"
EndProject
Global
	GlobalSection(SolutionConfigurationPlatforms) = preSolution
		Debug|Any CPU = Debug|Any CPU
		Release|Any CPU = Release|Any CPU
	EndGlobalSection
	GlobalSection(ProjectConfigurationPlatforms) = postSolution
		{08FE4476-6F5D-44A8-A1B2-54741FAD2B05}.Debug|Any CPU.ActiveCfg = Debug|Any CPU
		{08FE4476-6F5D-44A8-A1B2-54741FAD2B05}.Debug|Any CPU.Build.0 = Debug|Any CPU
		{08FE4476-6F5D-44A8-A1B2-54741FAD2B05}.Release|Any CPU.ActiveCfg = Release|Any CPU
		{08FE4476-6F5D-44A8-A1B2-54741FAD2B05}.Release|Any CPU.Build.0 = Release|Any CPU
		{F148E05C-A427-4185-918C-62B25B881CB0}.Debug|Any CPU.ActiveCfg = Debug|Any CPU
		{F148E05C-A427-4185-918C-62B25B881CB0}.Debug|Any CPU.Build.0 = Debug|Any CPU
		{F148E05C-A427-4185-918C-62B25B881CB0}.Release|Any CPU.ActiveCfg = Release|Any CPU
		{F148E05C-A427-4185-918C-62B25B881CB0}.Release|Any CPU.Build.0 = Release|Any CPU
	EndGlobalSection
	GlobalSection(SolutionProperties) = preSolution
		HideSolutionNode = FALSE
	EndGlobalSection
EndGlobal
